
Microsoft Visual Studio Solution File, Format Version 12.00
# Visual Studio Version 17
VisualStudioVersion = 17.10.35027.167
MinimumVisualStudioVersion = 10.0.40219.1
Project("{FAE04EC0-301F-11D3-BF4B-00C04F79EFBC}") = "Microblogging.API", "Microblogging.API\Microblogging.API.csproj", "{B600A542-09B1-4503-A060-8B74BC6361CA}"
EndProject
Project("{FAE04EC0-301F-11D3-BF4B-00C04F79EFBC}") = "Microblogging.ApplicationService", "Microblogging.ApplicationService\Microblogging.ApplicationService.csproj", "{B501ECE9-892E-4DF3-B2E6-38A33B1A85E8}"
EndProject
Project("{FAE04EC0-301F-11D3-BF4B-00C04F79EFBC}") = "Microblogging.Domain", "Microblogging.Domain\Microblogging.Domain.csproj", "{419B8FFD-4455-433E-BDF2-E84FAF6FE445}"
EndProject
Project("{FAE04EC0-301F-11D3-BF4B-00C04F79EFBC}") = "Microblogging.Infrastructure", "Microblogging.Infrastructure\Microblogging.Infrastructure.csproj", "{669D37FE-F3B2-4C7A-A93B-2DE458788A37}"
EndProject
Project("{FAE04EC0-301F-11D3-BF4B-00C04F79EFBC}") = "Microblogging.Test", "Infrastructure.Test\Microblogging.Test.csproj", "{69D127E7-B54E-4F0B-AB57-4BEB330AFC56}"
EndProject
Global
	GlobalSection(SolutionConfigurationPlatforms) = preSolution
		Debug|Any CPU = Debug|Any CPU
		Release|Any CPU = Release|Any CPU
	EndGlobalSection
	GlobalSection(ProjectConfigurationPlatforms) = postSolution
		{B600A542-09B1-4503-A060-8B74BC6361CA}.Debug|Any CPU.ActiveCfg = Debug|Any CPU
		{B600A542-09B1-4503-A060-8B74BC6361CA}.Debug|Any CPU.Build.0 = Debug|Any CPU
		{B600A542-09B1-4503-A060-8B74BC6361CA}.Release|Any CPU.ActiveCfg = Release|Any CPU
		{B600A542-09B1-4503-A060-8B74BC6361CA}.Release|Any CPU.Build.0 = Release|Any CPU
		{B501ECE9-892E-4DF3-B2E6-38A33B1A85E8}.Debug|Any CPU.ActiveCfg = Debug|Any CPU
		{B501ECE9-892E-4DF3-B2E6-38A33B1A85E8}.Debug|Any CPU.Build.0 = Debug|Any CPU
		{B501ECE9-892E-4DF3-B2E6-38A33B1A85E8}.Release|Any CPU.ActiveCfg = Release|Any CPU
		{B501ECE9-892E-4DF3-B2E6-38A33B1A85E8}.Release|Any CPU.Build.0 = Release|Any CPU
		{419B8FFD-4455-433E-BDF2-E84FAF6FE445}.Debug|Any CPU.ActiveCfg = Debug|Any CPU
		{419B8FFD-4455-433E-BDF2-E84FAF6FE445}.Debug|Any CPU.Build.0 = Debug|Any CPU
		{419B8FFD-4455-433E-BDF2-E84FAF6FE445}.Release|Any CPU.ActiveCfg = Release|Any CPU
		{419B8FFD-4455-433E-BDF2-E84FAF6FE445}.Release|Any CPU.Build.0 = Release|Any CPU
		{669D37FE-F3B2-4C7A-A93B-2DE458788A37}.Debug|Any CPU.ActiveCfg = Debug|Any CPU
		{669D37FE-F3B2-4C7A-A93B-2DE458788A37}.Debug|Any CPU.Build.0 = Debug|Any CPU
		{669D37FE-F3B2-4C7A-A93B-2DE458788A37}.Release|Any CPU.ActiveCfg = Release|Any CPU
		{669D37FE-F3B2-4C7A-A93B-2DE458788A37}.Release|Any CPU.Build.0 = Release|Any CPU
		{69D127E7-B54E-4F0B-AB57-4BEB330AFC56}.Debug|Any CPU.ActiveCfg = Debug|Any CPU
		{69D127E7-B54E-4F0B-AB57-4BEB330AFC56}.Debug|Any CPU.Build.0 = Debug|Any CPU
		{69D127E7-B54E-4F0B-AB57-4BEB330AFC56}.Release|Any CPU.ActiveCfg = Release|Any CPU
		{69D127E7-B54E-4F0B-AB57-4BEB330AFC56}.Release|Any CPU.Build.0 = Release|Any CPU
	EndGlobalSection
	GlobalSection(SolutionProperties) = preSolution
		HideSolutionNode = FALSE
	EndGlobalSection
	GlobalSection(ExtensibilityGlobals) = postSolution
		SolutionGuid = {3FEB30E7-A611-44FB-B574-5984C5D5077E}
	EndGlobalSection
EndGlobal
